{
    "_meta": {
        "hash": {
            "sha256": "a1744fe3d7253b80c64d76a12cf3e5c1c2ade5cf6803ad26a7f30e49a0de4500"
        },
        "host-environment-markers": {
            "implementation_name": "cpython",
            "implementation_version": "3.6.3",
            "os_name": "posix",
            "platform_machine": "x86_64",
            "platform_python_implementation": "CPython",
            "platform_release": "17.3.0",
            "platform_system": "Darwin",
            "platform_version": "Darwin Kernel Version 17.3.0: Thu Nov  9 18:09:22 PST 2017; root:xnu-4570.31.3~1/RELEASE_X86_64",
            "python_full_version": "3.6.3",
            "python_version": "3.6",
            "sys_platform": "darwin"
        },
        "pipfile-spec": 6,
        "requires": {
            "python_version": "3.6"
        },
        "sources": [
            {
                "name": "pypi",
                "url": "https://pypi.python.org/simple",
                "verify_ssl": true
            }
        ]
    },
    "default": {
        "bpylist": {
            "hashes": [
                "sha256:ac065c9f7b804a201999ebbc31b02df18e0fc29e03bcb1eac3e63696599b88ce"
            ],
            "version": "==0.1.4"
        },
        "click": {
            "hashes": [
                "sha256:29f99fc6125fbc931b758dc053b3114e55c77a6e4c6c3a2674a2dc986016381d",
                "sha256:f15516df478d5a56180fbf80e68f206010e6d160fc39fa508b65e035fd75130b"
            ],
            "version": "==6.7"
        },
        "pycrypto": {
            "hashes": [
                "sha256:f2ce1e989b272cfcb677616763e0a2e7ec659effa67a88aa92b3a65528f60a3c"
            ],
            "version": "==2.6.1"
        },
        "qrcode": {
            "hashes": [
                "sha256:60222a612b83231ed99e6cb36e55311227c395d0d0f62e41bb51ebbb84a9a22b",
                "sha256:4115ccee832620df16b659d4653568331015c718a754855caf5930805d76924e"
            ],
            "version": "==5.3"
        },
        "rncryptor": {
            "hashes": [
                "sha256:a3b521d22953bffc4f125faf53f4c9c2a41c8186e0b0e331314abe455be92c48",
                "sha256:156253246f3e3521e5080191e9b4ec100e162d07c261a9df86169f8943bcc7a3"
            ],
            "version": "==3.2.0"
        },
        "six": {
            "hashes": [
                "sha256:832dc0e10feb1aa2c68dcc57dbb658f1c7e65b9b61af69048abc87a2db00a0eb",
                "sha256:70e8a77beed4562e7f14fe23a786b54f6296e34344c23bc42f07b15018ff98e9"
            ],
            "version": "==1.11.0"
        }
    },
    "develop": {}
}
